
Microsoft Visual Studio Solution File, Format Version 12.00
# Visual Studio Version 17
VisualStudioVersion = 17.2.32616.157
MinimumVisualStudioVersion = 10.0.40219.1
Project("{9A19103F-16F7-4668-BE54-9A1E7A4F7556}") = "debug_tool", "protocol_tool\debug_tool.csproj", "{309708B3-7110-4C8D-9E82-C3156BDEB904}"
EndProject
Global
	GlobalSection(SolutionConfigurationPlatforms) = preSolution
		Debug|Any CPU = Debug|Any CPU
		Release|Any CPU = Release|Any CPU
	EndGlobalSection
	GlobalSection(ProjectConfigurationPlatforms) = postSolution
		{309708B3-7110-4C8D-9E82-C3156BDEB904}.Debug|Any CPU.ActiveCfg = Debug|Any CPU
		{309708B3-7110-4C8D-9E82-C3156BDEB904}.Debug|Any CPU.Build.0 = Debug|Any CPU
		{309708B3-7110-4C8D-9E82-C3156BDEB904}.Release|Any CPU.ActiveCfg = Release|Any CPU
		{309708B3-7110-4C8D-9E82-C3156BDEB904}.Release|Any CPU.Build.0 = Release|Any CPU
	EndGlobalSection
	GlobalSection(SolutionProperties) = preSolution
		HideSolutionNode = FALSE
	EndGlobalSection
	GlobalSection(ExtensibilityGlobals) = postSolution
		SolutionGuid = {5DE139CD-B17C-4ED5-8175-D4274CBF4ED6}
	EndGlobalSection
EndGlobal
